
Microsoft Visual Studio Solution File, Format Version 12.00
# Visual Studio Version 16
VisualStudioVersion = 16.0.29609.76
MinimumVisualStudioVersion = 10.0.40219.1
Project("{FAE04EC0-301F-11D3-BF4B-00C04F79EFBC}") = "HistoryExtractorAuto", "HistoryExtractorAuto\HistoryExtractorAuto.csproj", "{92D6A9A3-EC35-4CCD-8D06-19F7151308A1}"
EndProject
Global
	GlobalSection(SolutionConfigurationPlatforms) = preSolution
		Debug|Any CPU = Debug|Any CPU
		Release|Any CPU = Release|Any CPU
	EndGlobalSection
	GlobalSection(ProjectConfigurationPlatforms) = postSolution
		{92D6A9A3-EC35-4CCD-8D06-19F7151308A1}.Debug|Any CPU.ActiveCfg = Debug|Any CPU
		{92D6A9A3-EC35-4CCD-8D06-19F7151308A1}.Debug|Any CPU.Build.0 = Debug|Any CPU
		{92D6A9A3-EC35-4CCD-8D06-19F7151308A1}.Release|Any CPU.ActiveCfg = Release|Any CPU
		{92D6A9A3-EC35-4CCD-8D06-19F7151308A1}.Release|Any CPU.Build.0 = Release|Any CPU
	EndGlobalSection
	GlobalSection(SolutionProperties) = preSolution
		HideSolutionNode = FALSE
	EndGlobalSection
	GlobalSection(ExtensibilityGlobals) = postSolution
		SolutionGuid = {60B1BEF1-1E21-4980-A278-361160C6C341}
	EndGlobalSection
EndGlobal
